
Microsoft Visual Studio Solution File, Format Version 12.00
# Visual Studio 15
VisualStudioVersion = 15.0.27004.2009
MinimumVisualStudioVersion = 10.0.40219.1
Project("{FAE04EC0-301F-11D3-BF4B-00C04F79EFBC}") = "Berezina_Test", "Berezina_Test\Berezina_Test.csproj", "{A7977333-F845-45C0-A878-20E5019C8393}"
EndProject
Global
	GlobalSection(SolutionConfigurationPlatforms) = preSolution
		Debug|Any CPU = Debug|Any CPU
		Release|Any CPU = Release|Any CPU
	EndGlobalSection
	GlobalSection(ProjectConfigurationPlatforms) = postSolution
		{A7977333-F845-45C0-A878-20E5019C8393}.Debug|Any CPU.ActiveCfg = Debug|Any CPU
		{A7977333-F845-45C0-A878-20E5019C8393}.Debug|Any CPU.Build.0 = Debug|Any CPU
		{A7977333-F845-45C0-A878-20E5019C8393}.Release|Any CPU.ActiveCfg = Release|Any CPU
		{A7977333-F845-45C0-A878-20E5019C8393}.Release|Any CPU.Build.0 = Release|Any CPU
	EndGlobalSection
	GlobalSection(SolutionProperties) = preSolution
		HideSolutionNode = FALSE
	EndGlobalSection
	GlobalSection(ExtensibilityGlobals) = postSolution
		SolutionGuid = {B0EA8BB2-D026-467A-8FA2-7CCAE7E53E42}
	EndGlobalSection
EndGlobal
